# THIS IS AN AUTOGENERATED FILE. DO NOT EDIT THIS FILE DIRECTLY.
# yarn lockfile v1


deep-equal@^1.0.1:
  version "1.0.1"
  resolved "https://registry.yarnpkg.com/deep-equal/-/deep-equal-1.0.1.tgz#f5d260292b660e084eff4cdbc9f08ad3247448b5"

hoist-non-react-statics@^1.0.5:
  version "1.2.0"
  resolved "https://registry.yarnpkg.com/hoist-non-react-statics/-/hoist-non-react-statics-1.2.0.tgz#aa448cf0986d55cc40773b17174b7dd066cb7cfb"

is-promise@^2.1.0:
  version "2.1.0"
  resolved "https://registry.yarnpkg.com/is-promise/-/is-promise-2.1.0.tgz#79a2a9ece7f096e80f36d2b2f3bc16c1ff4bf3fa"

react-lazy-cache@^3.0.1:
  version "3.0.1"
  resolved "https://registry.yarnpkg.com/react-lazy-cache/-/react-lazy-cache-3.0.1.tgz#0dc64d38df1767ef77678c5c94190064cb11b0cd"
  dependencies:
    deep-equal "^1.0.1"

redux-form@^5.3.3:
  version "5.3.3"
  resolved "https://registry.yarnpkg.com/redux-form/-/redux-form-5.3.3.tgz#e65e995095c739f068a7c2adfd8229d966a43af8"
  dependencies:
    deep-equal "^1.0.1"
    hoist-non-react-statics "^1.0.5"
    is-promise "^2.1.0"
    react-lazy-cache "^3.0.1"
